{
  "https://res.cloudinary.com/dnq4oscjm/video/upload/v1724081519/Gen-3_Alpha_Turbo_3762570463_Create_a_hyper-reali_Cropped_-_iStock-121_ugtdbv.mp4": { "integrity": "sha512-8tnVj86HJQiczE8ABK+UCE8Zgdeg34o3VdnLWA6BYqZFJ/LgZj9s2T8hsqGYi5ZN1NG/Uclq9wr1iPH4GEYKpw==", "contentType": "video/mp4;codecs=avc1" },
  "https://res.cloudinary.com/dnq4oscjm/video/upload/v1724081519/Gen-3_Alpha_Turbo_3762570463_Create_a_hyper-reali_Cropped_-_iStock-121_ugtdbv.mp4?thumbnailTime=0": { "integrity": "sha512-8tnVj86HJQiczE8ABK+UCE8Zgdeg34o3VdnLWA6BYqZFJ/LgZj9s2T8hsqGYi5ZN1NG/Uclq9wr1iPH4GEYKpw==", "contentType": "video/mp4;codecs=avc1" },
  "https://res.cloudinary.com/dnq4oscjm/video/upload/v1724140328/Gen-3_Alpha_Turbo_3894639466_Video_of_man_30s_b_istockphoto-14832727_pfaano.mp4": { "integrity": "sha512-qFFN2HZChSt5cTyIKH6tlg+bW9BYPDzDwtbiqV7ri9RXg8FW76V3CIJgjC6hH4nbmboSaB9LZAqo519E/2u6iA==", "contentType": "video/mp4;codecs=avc1" },
  "https://res.cloudinary.com/dnq4oscjm/video/upload/v1724336667/Gen-3_Alpha_228994473_Action_Animated_con_Cropped_-_kaleidico-_fv5eis.mp4": { "integrity": "sha512-He5BlSGJPksSsrMu7qTRALdWIQEdQSLhbYjHM/ClyLd34gV7OT7pn11/tryyFdp5qouGLMX/DWzqobAYuYgSpg==", "contentType": "video/mp4;codecs=avc1" },
  "https://res.cloudinary.com/dnq4oscjm/video/upload/v1724338384/Gen-3_Alpha_718653672_Bird_s-eye_view_of_f_pexels-edmond-dantes_1_yv3peq.mp4": { "integrity": "sha512-nbqfUkrqfccBkaNZODXl1wWRPHsOn28/QesS8YgZQrq66bBhQ89qUsbOfGYXuUTUdVtPhhe+ISQd+RA1LUj2eQ==", "contentType": "video/mp4;codecs=avc1" },
  "version": 1
}
